
Microsoft Visual Studio Solution File, Format Version 12.00
# Visual Studio Version 17
VisualStudioVersion = 17.11.35219.272
MinimumVisualStudioVersion = 10.0.40219.1
Project("{FAE04EC0-301F-11D3-BF4B-00C04F79EFBC}") = "TAABP.API", "TAABP.API\TAABP.API.csproj", "{0A2AC05A-74E8-4E77-8F8D-B25B44208D69}"
EndProject
Project("{FAE04EC0-301F-11D3-BF4B-00C04F79EFBC}") = "TAABP.Core", "TAABP.Core\TAABP.Core.csproj", "{9FEF7F1F-AD3C-4E02-B845-E92E9AEBE7B7}"
EndProject
Global
	GlobalSection(SolutionConfigurationPlatforms) = preSolution
		Debug|Any CPU = Debug|Any CPU
		Release|Any CPU = Release|Any CPU
	EndGlobalSection
	GlobalSection(ProjectConfigurationPlatforms) = postSolution
		{0A2AC05A-74E8-4E77-8F8D-B25B44208D69}.Debug|Any CPU.ActiveCfg = Debug|Any CPU
		{0A2AC05A-74E8-4E77-8F8D-B25B44208D69}.Debug|Any CPU.Build.0 = Debug|Any CPU
		{0A2AC05A-74E8-4E77-8F8D-B25B44208D69}.Release|Any CPU.ActiveCfg = Release|Any CPU
		{0A2AC05A-74E8-4E77-8F8D-B25B44208D69}.Release|Any CPU.Build.0 = Release|Any CPU
		{9FEF7F1F-AD3C-4E02-B845-E92E9AEBE7B7}.Debug|Any CPU.ActiveCfg = Debug|Any CPU
		{9FEF7F1F-AD3C-4E02-B845-E92E9AEBE7B7}.Debug|Any CPU.Build.0 = Debug|Any CPU
		{9FEF7F1F-AD3C-4E02-B845-E92E9AEBE7B7}.Release|Any CPU.ActiveCfg = Release|Any CPU
		{9FEF7F1F-AD3C-4E02-B845-E92E9AEBE7B7}.Release|Any CPU.Build.0 = Release|Any CPU
	EndGlobalSection
	GlobalSection(SolutionProperties) = preSolution
		HideSolutionNode = FALSE
	EndGlobalSection
	GlobalSection(ExtensibilityGlobals) = postSolution
		SolutionGuid = {C4BD4D40-2C14-4681-9C16-3CF32E1D0AEC}
	EndGlobalSection
EndGlobal
